// !$*UTF8*$!
{
	archiveVersion = 1;
	classes = {
	};
	objectVersion = 77;
	objects = {

/* Begin PBXContainerItemProxy section */
		32C0CBF62EA31420008ACC87 /* PBXContainerItemProxy */ = {
			isa = PBXContainerItemProxy;
			containerPortal = 32C0CBE02EA3141F008ACC87 /* Project object */;
			proxyType = 1;
			remoteGlobalIDString = 32C0CBE72EA3141F008ACC87;
			remoteInfo = "clock-tsukiusagi";
		};
		32C0CC002EA31420008ACC87 /* PBXContainerItemProxy */ = {
			isa = PBXContainerItemProxy;
			containerPortal = 32C0CBE02EA3141F008ACC87 /* Project object */;
			proxyType = 1;
			remoteGlobalIDString = 32C0CBE72EA3141F008ACC87;
			remoteInfo = "clock-tsukiusagi";
		};
/* End PBXContainerItemProxy section */

/* Begin PBXFileReference section */
		32C0CBE82EA3141F008ACC87 /* clock-tsukiusagi.app */ = {isa = PBXFileReference; explicitFileType = wrapper.application; includeInIndex = 0; path = "clock-tsukiusagi.app"; sourceTree = BUILT_PRODUCTS_DIR; };
		32C0CBF52EA31420008ACC87 /* clock-tsukiusagiTests.xctest */ = {isa = PBXFileReference; explicitFileType = wrapper.cfbundle; includeInIndex = 0; path = "clock-tsukiusagiTests.xctest"; sourceTree = BUILT_PRODUCTS_DIR; };
		32C0CBFF2EA31420008ACC87 /* clock-tsukiusagiUITests.xctest */ = {isa = PBXFileReference; explicitFileType = wrapper.cfbundle; includeInIndex = 0; path = "clock-tsukiusagiUITests.xctest"; sourceTree = BUILT_PRODUCTS_DIR; };
/* End PBXFileReference section */

/* Begin PBXFileSystemSynchronizedRootGroup section */
		32C0CBEA2EA3141F008ACC87 /* clock-tsukiusagi */ = {
			isa = PBXFileSystemSynchronizedRootGroup;
			path = "clock-tsukiusagi";
			sourceTree = "<group>";
		};
		32C0CBF82EA31420008ACC87 /* clock-tsukiusagiTests */ = {
			isa = PBXFileSystemSynchronizedRootGroup;
			path = "clock-tsukiusagiTests";
			sourceTree = "<group>";
		};
		32C0CC022EA31420008ACC87 /* clock-tsukiusagiUITests */ = {
			isa = PBXFileSystemSynchronizedRootGroup;
			path = "clock-tsukiusagiUITests";
			sourceTree = "<group>";
		};
/* End PBXFileSystemSynchronizedRootGroup section */

/* Begin PBXFrameworksBuildPhase section */
		32C0CBE52EA3141F008ACC87 /* Frameworks */ = {
			isa = PBXFrameworksBuildPhase;
			buildActionMask = 2147483647;
			files = (
			);
			runOnlyForDeploymentPostprocessing = 0;
		};
		32C0CBF22EA31420008ACC87 /* Frameworks */ = {
			isa = PBXFrameworksBuildPhase;
			buildActionMask = 2147483647;
			files = (
			);
			runOnlyForDeploymentPostprocessing = 0;
		};
		32C0CBFC2EA31420008ACC87 /* Frameworks */ = {
			isa = PBXFrameworksBuildPhase;
			buildActionMask = 2147483647;
			files = (
			);
			runOnlyForDeploymentPostprocessing = 0;
		};
/* End PBXFrameworksBuildPhase section */

/* Begin PBXGroup section */
		32C0CBDF2EA3141F008ACC87 = {
			isa = PBXGroup;
			children = (
				32C0CBEA2EA3141F008ACC87 /* clock-tsukiusagi */,
				32C0CBF82EA31420008ACC87 /* clock-tsukiusagiTests */,
				32C0CC022EA31420008ACC87 /* clock-tsukiusagiUITests */,
				32C0CBE92EA3141F008ACC87 /* Products */,
			);
			sourceTree = "<group>";
		};
		32C0CBE92EA3141F008ACC87 /* Products */ = {
			isa = PBXGroup;
			children = (
				32C0CBE82EA3141F008ACC87 /* clock-tsukiusagi.app */,
				32C0CBF52EA31420008ACC87 /* clock-tsukiusagiTests.xctest */,
				32C0CBFF2EA31420008ACC87 /* clock-tsukiusagiUITests.xctest */,
			);
			name = Products;
			sourceTree = "<group>";
		};
/* End PBXGroup section */

/* Begin PBXNativeTarget section */
		32C0CBE72EA3141F008ACC87 /* clock-tsukiusagi */ = {
			isa = PBXNativeTarget;
			buildConfigurationList = 32C0CC092EA31420008ACC87 /* Build configuration list for PBXNativeTarget "clock-tsukiusagi" */;
			buildPhases = (
				32C0CBE42EA3141F008ACC87 /* Sources */,
				32C0CBE52EA3141F008ACC87 /* Frameworks */,
				32C0CBE62EA3141F008ACC87 /* Resources */,
			);
			buildRules = (
			);
			dependencies = (
			);
			fileSystemSynchronizedGroups = (
				32C0CBEA2EA3141F008ACC87 /* clock-tsukiusagi */,
			);
			name = "clock-tsukiusagi";
			packageProductDependencies = (
			);
			productName = "clock-tsukiusagi";
			productReference = 32C0CBE82EA3141F008ACC87 /* clock-tsukiusagi.app */;
			productType = "com.apple.product-type.application";
		};
		32C0CBF42EA31420008ACC87 /* clock-tsukiusagiTests */ = {
			isa = PBXNativeTarget;
			buildConfigurationList = 32C0CC0C2EA31420008ACC87 /* Build configuration list for PBXNativeTarget "clock-tsukiusagiTests" */;
			buildPhases = (
				32C0CBF12EA31420008ACC87 /* Sources */,
				32C0CBF22EA31420008ACC87 /* Frameworks */,
				32C0CBF32EA31420008ACC87 /* Resources */,
			);
			buildRules = (
			);
			dependencies = (
				32C0CBF72EA31420008ACC87 /* PBXTargetDependency */,
			);
			fileSystemSynchronizedGroups = (
				32C0CBF82EA31420008ACC87 /* clock-tsukiusagiTests */,
			);
			name = "clock-tsukiusagiTests";
			packageProductDependencies = (
			);
			productName = "clock-tsukiusagiTests";
			productReference = 32C0CBF52EA31420008ACC87 /* clock-tsukiusagiTests.xctest */;
			productType = "com.apple.product-type.bundle.unit-test";
		};
		32C0CBFE2EA31420008ACC87 /* clock-tsukiusagiUITests */ = {
			isa = PBXNativeTarget;
			buildConfigurationList = 32C0CC0F2EA31420008ACC87 /* Build configuration list for PBXNativeTarget "clock-tsukiusagiUITests" */;
			buildPhases = (
				32C0CBFB2EA31420008ACC87 /* Sources */,
				32C0CBFC2EA31420008ACC87 /* Frameworks */,
				32C0CBFD2EA31420008ACC87 /* Resources */,
			);
			buildRules = (
			);
			dependencies = (
				32C0CC012EA31420008ACC87 /* PBXTargetDependency */,
			);
			fileSystemSynchronizedGroups = (
				32C0CC022EA31420008ACC87 /* clock-tsukiusagiUITests */,
			);
			name = "clock-tsukiusagiUITests";
			packageProductDependencies = (
			);
			productName = "clock-tsukiusagiUITests";
			productReference = 32C0CBFF2EA31420008ACC87 /* clock-tsukiusagiUITests.xctest */;
			productType = "com.apple.product-type.bundle.ui-testing";
		};
/* End PBXNativeTarget section */

/* Begin PBXProject section */
		32C0CBE02EA3141F008ACC87 /* Project object */ = {
			isa = PBXProject;
			attributes = {
				BuildIndependentTargetsInParallel = 1;
				LastSwiftUpdateCheck = 1640;
				LastUpgradeCheck = 1640;
				TargetAttributes = {
					32C0CBE72EA3141F008ACC87 = {
						CreatedOnToolsVersion = 16.4;
					};
					32C0CBF42EA31420008ACC87 = {
						CreatedOnToolsVersion = 16.4;
						TestTargetID = 32C0CBE72EA3141F008ACC87;
					};
					32C0CBFE2EA31420008ACC87 = {
						CreatedOnToolsVersion = 16.4;
						TestTargetID = 32C0CBE72EA3141F008ACC87;
					};
				};
			};
			buildConfigurationList = 32C0CBE32EA3141F008ACC87 /* Build configuration list for PBXProject "clock-tsukiusagi" */;
			developmentRegion = en;
			hasScannedForEncodings = 0;
			knownRegions = (
				en,
				Base,
			);
			mainGroup = 32C0CBDF2EA3141F008ACC87;
			minimizedProjectReferenceProxies = 1;
			preferredProjectObjectVersion = 77;
			productRefGroup = 32C0CBE92EA3141F008ACC87 /* Products */;
			projectDirPath = "";
			projectRoot = "";
			targets = (
				32C0CBE72EA3141F008ACC87 /* clock-tsukiusagi */,
				32C0CBF42EA31420008ACC87 /* clock-tsukiusagiTests */,
				32C0CBFE2EA31420008ACC87 /* clock-tsukiusagiUITests */,
			);
		};
/* End PBXProject section */

/* Begin PBXResourcesBuildPhase section */
		32C0CBE62EA3141F008ACC87 /* Resources */ = {
			isa = PBXResourcesBuildPhase;
			buildActionMask = 2147483647;
			files = (
			);
			runOnlyForDeploymentPostprocessing = 0;
		};
		32C0CBF32EA31420008ACC87 /* Resources */ = {
			isa = PBXResourcesBuildPhase;
			buildActionMask = 2147483647;
			files = (
			);
			runOnlyForDeploymentPostprocessing = 0;
		};
		32C0CBFD2EA31420008ACC87 /* Resources */ = {
			isa = PBXResourcesBuildPhase;
			buildActionMask = 2147483647;
			files = (
			);
			runOnlyForDeploymentPostprocessing = 0;
		};
/* End PBXResourcesBuildPhase section */

/* Begin PBXSourcesBuildPhase section */
		32C0CBE42EA3141F008ACC87 /* Sources */ = {
			isa = PBXSourcesBuildPhase;
			buildActionMask = 2147483647;
			files = (
			);
			runOnlyForDeploymentPostprocessing = 0;
		};
		32C0CBF12EA31420008ACC87 /* Sources */ = {
			isa = PBXSourcesBuildPhase;
			buildActionMask = 2147483647;
			files = (
			);
			runOnlyForDeploymentPostprocessing = 0;
		};
		32C0CBFB2EA31420008ACC87 /* Sources */ = {
			isa = PBXSourcesBuildPhase;
			buildActionMask = 2147483647;
			files = (
			);
			runOnlyForDeploymentPostprocessing = 0;
		};
/* End PBXSourcesBuildPhase section */

/* Begin PBXTargetDependency section */
		32C0CBF72EA31420008ACC87 /* PBXTargetDependency */ = {
			isa = PBXTargetDependency;
			target = 32C0CBE72EA3141F008ACC87 /* clock-tsukiusagi */;
			targetProxy = 32C0CBF62EA31420008ACC87 /* PBXContainerItemProxy */;
		};
		32C0CC012EA31420008ACC87 /* PBXTargetDependency */ = {
			isa = PBXTargetDependency;
			target = 32C0CBE72EA3141F008ACC87 /* clock-tsukiusagi */;
			targetProxy = 32C0CC002EA31420008ACC87 /* PBXContainerItemProxy */;
		};
/* End PBXTargetDependency section */

/* Begin XCBuildConfiguration section */
		32C0CC072EA31420008ACC87 /* Debug */ = {
			isa = XCBuildConfiguration;
			buildSettings = {
				ALWAYS_SEARCH_USER_PATHS = NO;
				ASSETCATALOG_COMPILER_GENERATE_SWIFT_ASSET_SYMBOL_EXTENSIONS = YES;
				CLANG_ANALYZER_NONNULL = YES;
				CLANG_ANALYZER_NUMBER_OBJECT_CONVERSION = YES_AGGRESSIVE;
				CLANG_CXX_LANGUAGE_STANDARD = "gnu++20";
				CLANG_ENABLE_MODULES = YES;
				CLANG_ENABLE_OBJC_ARC = YES;
				CLANG_ENABLE_OBJC_WEAK = YES;
				CLANG_WARN_BLOCK_CAPTURE_AUTORELEASING = YES;
				CLANG_WARN_BOOL_CONVERSION = YES;
				CLANG_WARN_COMMA = YES;
				CLANG_WARN_CONSTANT_CONVERSION = YES;
				CLANG_WARN_DEPRECATED_OBJC_IMPLEMENTATIONS = YES;
				CLANG_WARN_DIRECT_OBJC_ISA_USAGE = YES_ERROR;
				CLANG_WARN_DOCUMENTATION_COMMENTS = YES;
				CLANG_WARN_EMPTY_BODY = YES;
				CLANG_WARN_ENUM_CONVERSION = YES;
				CLANG_WARN_INFINITE_RECURSION = YES;
				CLANG_WARN_INT_CONVERSION = YES;
				CLANG_WARN_NON_LITERAL_NULL_CONVERSION = YES;
				CLANG_WARN_OBJC_IMPLICIT_RETAIN_SELF = YES;
				CLANG_WARN_OBJC_LITERAL_CONVERSION = YES;
				CLANG_WARN_OBJC_ROOT_CLASS = YES_ERROR;
				CLANG_WARN_QUOTED_INCLUDE_IN_FRAMEWORK_HEADER = YES;
				CLANG_WARN_RANGE_LOOP_ANALYSIS = YES;
				CLANG_WARN_STRICT_PROTOTYPES = YES;
				CLANG_WARN_SUSPICIOUS_MOVE = YES;
				CLANG_WARN_UNGUARDED_AVAILABILITY = YES_AGGRESSIVE;
				CLANG_WARN_UNREACHABLE_CODE = YES;
				CLANG_WARN__DUPLICATE_METHOD_MATCH = YES;
				COPY_PHASE_STRIP = NO;
				DEBUG_INFORMATION_FORMAT = dwarf;
				DEVELOPMENT_TEAM = ZD854UM35V;
				ENABLE_STRICT_OBJC_MSGSEND = YES;
				ENABLE_TESTABILITY = YES;
				ENABLE_USER_SCRIPT_SANDBOXING = YES;
				GCC_C_LANGUAGE_STANDARD = gnu17;
				GCC_DYNAMIC_NO_PIC = NO;
				GCC_NO_COMMON_BLOCKS = YES;
				GCC_OPTIMIZATION_LEVEL = 0;
				GCC_PREPROCESSOR_DEFINITIONS = (
					"DEBUG=1",
					"$(inherited)",
				);
				GCC_WARN_64_TO_32_BIT_CONVERSION = YES;
				GCC_WARN_ABOUT_RETURN_TYPE = YES_ERROR;
				GCC_WARN_UNDECLARED_SELECTOR = YES;
				GCC_WARN_UNINITIALIZED_AUTOS = YES_AGGRESSIVE;
				GCC_WARN_UNUSED_FUNCTION = YES;
				GCC_WARN_UNUSED_VARIABLE = YES;
				IPHONEOS_DEPLOYMENT_TARGET = 18.5;
				LOCALIZATION_PREFERS_STRING_CATALOGS = YES;
				MTL_ENABLE_DEBUG_INFO = INCLUDE_SOURCE;
				MTL_FAST_MATH = YES;
				ONLY_ACTIVE_ARCH = YES;
				SDKROOT = iphoneos;
				SWIFT_ACTIVE_COMPILATION_CONDITIONS = "DEBUG $(inherited)";
				SWIFT_OPTIMIZATION_LEVEL = "-Onone";
			};
			name = Debug;
		};
		32C0CC082EA31420008ACC87 /* Release */ = {
			isa = XCBuildConfiguration;
			buildSettings = {
				ALWAYS_SEARCH_USER_PATHS = NO;
				ASSETCATALOG_COMPILER_GENERATE_SWIFT_ASSET_SYMBOL_EXTENSIONS = YES;
				CLANG_ANALYZER_NONNULL = YES;
				CLANG_ANALYZER_NUMBER_OBJECT_CONVERSION = YES_AGGRESSIVE;
				CLANG_CXX_LANGUAGE_STANDARD = "gnu++20";
				CLANG_ENABLE_MODULES = YES;
				CLANG_ENABLE_OBJC_ARC = YES;
				CLANG_ENABLE_OBJC_WEAK = YES;
				CLANG_WARN_BLOCK_CAPTURE_AUTORELEASING = YES;
				CLANG_WARN_BOOL_CONVERSION = YES;
				CLANG_WARN_COMMA = YES;
				CLANG_WARN_CONSTANT_CONVERSION = YES;
				CLANG_WARN_DEPRECATED_OBJC_IMPLEMENTATIONS = YES;
				CLANG_WARN_DIRECT_OBJC_ISA_USAGE = YES_ERROR;
				CLANG_WARN_DOCUMENTATION_COMMENTS = YES;
				CLANG_WARN_EMPTY_BODY = YES;
				CLANG_WARN_ENUM_CONVERSION = YES;
				CLANG_WARN_INFINITE_RECURSION = YES;
				CLANG_WARN_INT_CONVERSION = YES;
				CLANG_WARN_NON_LITERAL_NULL_CONVERSION = YES;
				CLANG_WARN_OBJC_IMPLICIT_RETAIN_SELF = YES;
				CLANG_WARN_OBJC_LITERAL_CONVERSION = YES;
				CLANG_WARN_OBJC_ROOT_CLASS = YES_ERROR;
				CLANG_WARN_QUOTED_INCLUDE_IN_FRAMEWORK_HEADER = YES;
				CLANG_WARN_RANGE_LOOP_ANALYSIS = YES;
				CLANG_WARN_STRICT_PROTOTYPES = YES;
				CLANG_WARN_SUSPICIOUS_MOVE = YES;
				CLANG_WARN_UNGUARDED_AVAILABILITY = YES_AGGRESSIVE;
				CLANG_WARN_UNREACHABLE_CODE = YES;
				CLANG_WARN__DUPLICATE_METHOD_MATCH = YES;
				COPY_PHASE_STRIP = NO;
				DEBUG_INFORMATION_FORMAT = "dwarf-with-dsym";
				DEVELOPMENT_TEAM = ZD854UM35V;
				ENABLE_NS_ASSERTIONS = NO;
				ENABLE_STRICT_OBJC_MSGSEND = YES;
				ENABLE_USER_SCRIPT_SANDBOXING = YES;
				GCC_C_LANGUAGE_STANDARD = gnu17;
				GCC_NO_COMMON_BLOCKS = YES;
				GCC_WARN_64_TO_32_BIT_CONVERSION = YES;
				GCC_WARN_ABOUT_RETURN_TYPE = YES_ERROR;
				GCC_WARN_UNDECLARED_SELECTOR = YES;
				GCC_WARN_UNINITIALIZED_AUTOS = YES_AGGRESSIVE;
				GCC_WARN_UNUSED_FUNCTION = YES;
				GCC_WARN_UNUSED_VARIABLE = YES;
				IPHONEOS_DEPLOYMENT_TARGET = 18.5;
				LOCALIZATION_PREFERS_STRING_CATALOGS = YES;
				MTL_ENABLE_DEBUG_INFO = NO;
				MTL_FAST_MATH = YES;
				SDKROOT = iphoneos;
				SWIFT_COMPILATION_MODE = wholemodule;
				VALIDATE_PRODUCT = YES;
			};
			name = Release;
		};
		32C0CC0A2EA31420008ACC87 /* Debug */ = {
			isa = XCBuildConfiguration;
			buildSettings = {
				ASSETCATALOG_COMPILER_APPICON_NAME = AppIcon;
				ASSETCATALOG_COMPILER_GLOBAL_ACCENT_COLOR_NAME = AccentColor;
				CODE_SIGN_STYLE = Automatic;
				CURRENT_PROJECT_VERSION = 1;
				DEVELOPMENT_TEAM = ZD854UM35V;
				ENABLE_PREVIEWS = YES;
				GENERATE_INFOPLIST_FILE = YES;
				INFOPLIST_KEY_UIApplicationSceneManifest_Generation = YES;
				INFOPLIST_KEY_UIApplicationSupportsIndirectInputEvents = YES;
				INFOPLIST_KEY_UILaunchScreen_Generation = YES;
				INFOPLIST_KEY_UISupportedInterfaceOrientations_iPad = "UIInterfaceOrientationPortrait UIInterfaceOrientationPortraitUpsideDown UIInterfaceOrientationLandscapeLeft UIInterfaceOrientationLandscapeRight";
				INFOPLIST_KEY_UISupportedInterfaceOrientations_iPhone = "UIInterfaceOrientationPortrait UIInterfaceOrientationLandscapeLeft UIInterfaceOrientationLandscapeRight";
				LD_RUNPATH_SEARCH_PATHS = (
					"$(inherited)",
					"@executable_path/Frameworks",
				);
				MARKETING_VERSION = 1.0;
				PRODUCT_BUNDLE_IDENTIFIER = "com.tsukiusagi.clock-tsukiusagi";
				PRODUCT_NAME = "$(TARGET_NAME)";
				SWIFT_EMIT_LOC_STRINGS = YES;
				SWIFT_VERSION = 5.0;
				TARGETED_DEVICE_FAMILY = "1,2";
			};
			name = Debug;
		};
		32C0CC0B2EA31420008ACC87 /* Release */ = {
			isa = XCBuildConfiguration;
			buildSettings = {
				ASSETCATALOG_COMPILER_APPICON_NAME = AppIcon;
				ASSETCATALOG_COMPILER_GLOBAL_ACCENT_COLOR_NAME = AccentColor;
				CODE_SIGN_STYLE = Automatic;
				CURRENT_PROJECT_VERSION = 1;
				DEVELOPMENT_TEAM = ZD854UM35V;
				ENABLE_PREVIEWS = YES;
				GENERATE_INFOPLIST_FILE = YES;
				INFOPLIST_KEY_UIApplicationSceneManifest_Generation = YES;
				INFOPLIST_KEY_UIApplicationSupportsIndirectInputEvents = YES;
				INFOPLIST_KEY_UILaunchScreen_Generation = YES;
				INFOPLIST_KEY_UISupportedInterfaceOrientations_iPad = "UIInterfaceOrientationPortrait UIInterfaceOrientationPortraitUpsideDown UIInterfaceOrientationLandscapeLeft UIInterfaceOrientationLandscapeRight";
				INFOPLIST_KEY_UISupportedInterfaceOrientations_iPhone = "UIInterfaceOrientationPortrait UIInterfaceOrientationLandscapeLeft UIInterfaceOrientationLandscapeRight";
				LD_RUNPATH_SEARCH_PATHS = (
					"$(inherited)",
					"@executable_path/Frameworks",
				);
				MARKETING_VERSION = 1.0;
				PRODUCT_BUNDLE_IDENTIFIER = "com.tsukiusagi.clock-tsukiusagi";
				PRODUCT_NAME = "$(TARGET_NAME)";
				SWIFT_EMIT_LOC_STRINGS = YES;
				SWIFT_VERSION = 5.0;
				TARGETED_DEVICE_FAMILY = "1,2";
			};
			name = Release;
		};
		32C0CC0D2EA31420008ACC87 /* Debug */ = {
			isa = XCBuildConfiguration;
			buildSettings = {
				BUNDLE_LOADER = "$(TEST_HOST)";
				CODE_SIGN_STYLE = Automatic;
				CURRENT_PROJECT_VERSION = 1;
				DEVELOPMENT_TEAM = ZD854UM35V;
				GENERATE_INFOPLIST_FILE = YES;
				IPHONEOS_DEPLOYMENT_TARGET = 18.5;
				MARKETING_VERSION = 1.0;
				PRODUCT_BUNDLE_IDENTIFIER = "com.tsukiusagi.clock-tsukiusagiTests";
				PRODUCT_NAME = "$(TARGET_NAME)";
				SWIFT_EMIT_LOC_STRINGS = NO;
				SWIFT_VERSION = 5.0;
				TARGETED_DEVICE_FAMILY = "1,2";
				TEST_HOST = "$(BUILT_PRODUCTS_DIR)/clock-tsukiusagi.app/$(BUNDLE_EXECUTABLE_FOLDER_PATH)/clock-tsukiusagi";
			};
			name = Debug;
		};
		32C0CC0E2EA31420008ACC87 /* Release */ = {
			isa = XCBuildConfiguration;
			buildSettings = {
				BUNDLE_LOADER = "$(TEST_HOST)";
				CODE_SIGN_STYLE = Automatic;
				CURRENT_PROJECT_VERSION = 1;
				DEVELOPMENT_TEAM = ZD854UM35V;
				GENERATE_INFOPLIST_FILE = YES;
				IPHONEOS_DEPLOYMENT_TARGET = 18.5;
				MARKETING_VERSION = 1.0;
				PRODUCT_BUNDLE_IDENTIFIER = "com.tsukiusagi.clock-tsukiusagiTests";
				PRODUCT_NAME = "$(TARGET_NAME)";
				SWIFT_EMIT_LOC_STRINGS = NO;
				SWIFT_VERSION = 5.0;
				TARGETED_DEVICE_FAMILY = "1,2";
				TEST_HOST = "$(BUILT_PRODUCTS_DIR)/clock-tsukiusagi.app/$(BUNDLE_EXECUTABLE_FOLDER_PATH)/clock-tsukiusagi";
			};
			name = Release;
		};
		32C0CC102EA31420008ACC87 /* Debug */ = {
			isa = XCBuildConfiguration;
			buildSettings = {
				CODE_SIGN_STYLE = Automatic;
				CURRENT_PROJECT_VERSION = 1;
				DEVELOPMENT_TEAM = ZD854UM35V;
				GENERATE_INFOPLIST_FILE = YES;
				MARKETING_VERSION = 1.0;
				PRODUCT_BUNDLE_IDENTIFIER = "com.tsukiusagi.clock-tsukiusagiUITests";
				PRODUCT_NAME = "$(TARGET_NAME)";
				SWIFT_EMIT_LOC_STRINGS = NO;
				SWIFT_VERSION = 5.0;
				TARGETED_DEVICE_FAMILY = "1,2";
				TEST_TARGET_NAME = "clock-tsukiusagi";
			};
			name = Debug;
		};
		32C0CC112EA31420008ACC87 /* Release */ = {
			isa = XCBuildConfiguration;
			buildSettings = {
				CODE_SIGN_STYLE = Automatic;
				CURRENT_PROJECT_VERSION = 1;
				DEVELOPMENT_TEAM = ZD854UM35V;
				GENERATE_INFOPLIST_FILE = YES;
				MARKETING_VERSION = 1.0;
				PRODUCT_BUNDLE_IDENTIFIER = "com.tsukiusagi.clock-tsukiusagiUITests";
				PRODUCT_NAME = "$(TARGET_NAME)";
				SWIFT_EMIT_LOC_STRINGS = NO;
				SWIFT_VERSION = 5.0;
				TARGETED_DEVICE_FAMILY = "1,2";
				TEST_TARGET_NAME = "clock-tsukiusagi";
			};
			name = Release;
		};
/* End XCBuildConfiguration section */

/* Begin XCConfigurationList section */
		32C0CBE32EA3141F008ACC87 /* Build configuration list for PBXProject "clock-tsukiusagi" */ = {
			isa = XCConfigurationList;
			buildConfigurations = (
				32C0CC072EA31420008ACC87 /* Debug */,
				32C0CC082EA31420008ACC87 /* Release */,
			);
			defaultConfigurationIsVisible = 0;
			defaultConfigurationName = Release;
		};
		32C0CC092EA31420008ACC87 /* Build configuration list for PBXNativeTarget "clock-tsukiusagi" */ = {
			isa = XCConfigurationList;
			buildConfigurations = (
				32C0CC0A2EA31420008ACC87 /* Debug */,
				32C0CC0B2EA31420008ACC87 /* Release */,
			);
			defaultConfigurationIsVisible = 0;
			defaultConfigurationName = Release;
		};
		32C0CC0C2EA31420008ACC87 /* Build configuration list for PBXNativeTarget "clock-tsukiusagiTests" */ = {
			isa = XCConfigurationList;
			buildConfigurations = (
				32C0CC0D2EA31420008ACC87 /* Debug */,
				32C0CC0E2EA31420008ACC87 /* Release */,
			);
			defaultConfigurationIsVisible = 0;
			defaultConfigurationName = Release;
		};
		32C0CC0F2EA31420008ACC87 /* Build configuration list for PBXNativeTarget "clock-tsukiusagiUITests" */ = {
			isa = XCConfigurationList;
			buildConfigurations = (
				32C0CC102EA31420008ACC87 /* Debug */,
				32C0CC112EA31420008ACC87 /* Release */,
			);
			defaultConfigurationIsVisible = 0;
			defaultConfigurationName = Release;
		};
/* End XCConfigurationList section */
	};
	rootObject = 32C0CBE02EA3141F008ACC87 /* Project object */;
}
